// !$*UTF8*$!
{
	archiveVersion = 1;
	classes = {
	};
	objectVersion = 51;
	objects = {

/* Begin PBXBuildFile section */
		522A8A8B2668F32000F7323F /* RegisterView.swift in Sources */ = {isa = PBXBuildFile; fileRef = 522A8A8A2668F32000F7323F /* RegisterView.swift */; };
		522A8A8E2668F33600F7323F /* RegisterModel.swift in Sources */ = {isa = PBXBuildFile; fileRef = 522A8A8D2668F33600F7323F /* RegisterModel.swift */; };
		522A8A912668F34500F7323F /* RegisterController.swift in Sources */ = {isa = PBXBuildFile; fileRef = 522A8A902668F34500F7323F /* RegisterController.swift */; };
		522A8A9E266902BA00F7323F /* Person.swift in Sources */ = {isa = PBXBuildFile; fileRef = 522A8A9D266902BA00F7323F /* Person.swift */; };
		5233267E266A74EF00B8EC1D /* TasksTableViewCell.swift in Sources */ = {isa = PBXBuildFile; fileRef = 5233267D266A74EF00B8EC1D /* TasksTableViewCell.swift */; };
		52332681266A750500B8EC1D /* Tasks.swift in Sources */ = {isa = PBXBuildFile; fileRef = 52332680266A750500B8EC1D /* Tasks.swift */; };
		527F4C56266AA7F0009C4A0B /* RootViewController.swift in Sources */ = {isa = PBXBuildFile; fileRef = 527F4C55266AA7F0009C4A0B /* RootViewController.swift */; };
		527F4C5A266AA8B7009C4A0B /* SplashViewController.swift in Sources */ = {isa = PBXBuildFile; fileRef = 527F4C59266AA8B7009C4A0B /* SplashViewController.swift */; };
		527F4C66266ADE70009C4A0B /* TodayTable.swift in Sources */ = {isa = PBXBuildFile; fileRef = 527F4C65266ADE70009C4A0B /* TodayTable.swift */; };
		527F4C69266ADE92009C4A0B /* TomorrowTable.swift in Sources */ = {isa = PBXBuildFile; fileRef = 527F4C68266ADE92009C4A0B /* TomorrowTable.swift */; };
		527F4C71266AE0EB009C4A0B /* WeekTable.swift in Sources */ = {isa = PBXBuildFile; fileRef = 527F4C70266AE0EB009C4A0B /* WeekTable.swift */; };
		528FADDA26692C7F000A8621 /* GoogleService-Info.plist in Resources */ = {isa = PBXBuildFile; fileRef = 528FADD926692C7F000A8621 /* GoogleService-Info.plist */; };
		52B64F47266AF3470020223A /* TodayModal.swift in Sources */ = {isa = PBXBuildFile; fileRef = 52B64F46266AF3470020223A /* TodayModal.swift */; };
		52BC009F266920D8007C320E /* SceneDelegate.swift in Sources */ = {isa = PBXBuildFile; fileRef = 52BC009E266920D8007C320E /* SceneDelegate.swift */; };
		52BC00A4266923EF007C320E /* MainView.swift in Sources */ = {isa = PBXBuildFile; fileRef = 52BC00A3266923EF007C320E /* MainView.swift */; };
		52D63F472668E8B2001ED7D0 /* AppDelegate.swift in Sources */ = {isa = PBXBuildFile; fileRef = 52D63F462668E8B2001ED7D0 /* AppDelegate.swift */; };
		52D63F502668E8B6001ED7D0 /* Assets.xcassets in Resources */ = {isa = PBXBuildFile; fileRef = 52D63F4F2668E8B6001ED7D0 /* Assets.xcassets */; };
		52D63F532668E8B6001ED7D0 /* LaunchScreen.storyboard in Resources */ = {isa = PBXBuildFile; fileRef = 52D63F512668E8B6001ED7D0 /* LaunchScreen.storyboard */; };
		52D63F782668EAEE001ED7D0 /* LoginModel.swift in Sources */ = {isa = PBXBuildFile; fileRef = 52D63F772668EAEE001ED7D0 /* LoginModel.swift */; };
		52D63F7B2668EB64001ED7D0 /* LoginView.swift in Sources */ = {isa = PBXBuildFile; fileRef = 52D63F7A2668EB64001ED7D0 /* LoginView.swift */; };
		52D63F7E2668EE15001ED7D0 /* LoginController.swift in Sources */ = {isa = PBXBuildFile; fileRef = 52D63F7D2668EE15001ED7D0 /* LoginController.swift */; };
		EFFD8B796B6599510C7A96D9 /* Pods_ToDoTapMVC.framework in Frameworks */ = {isa = PBXBuildFile; fileRef = A507F3DF1768511ECE8F91DE /* Pods_ToDoTapMVC.framework */; };
/* End PBXBuildFile section */

/* Begin PBXFileReference section */
		04605E1ACE28DBB8F7554267 /* Pods-ToDoTapMVC.release.xcconfig */ = {isa = PBXFileReference; includeInIndex = 1; lastKnownFileType = text.xcconfig; name = "Pods-ToDoTapMVC.release.xcconfig"; path = "Target Support Files/Pods-ToDoTapMVC/Pods-ToDoTapMVC.release.xcconfig"; sourceTree = "<group>"; };
		522A8A8A2668F32000F7323F /* RegisterView.swift */ = {isa = PBXFileReference; lastKnownFileType = sourcecode.swift; path = RegisterView.swift; sourceTree = "<group>"; };
		522A8A8D2668F33600F7323F /* RegisterModel.swift */ = {isa = PBXFileReference; lastKnownFileType = sourcecode.swift; path = RegisterModel.swift; sourceTree = "<group>"; };
		522A8A902668F34500F7323F /* RegisterController.swift */ = {isa = PBXFileReference; lastKnownFileType = sourcecode.swift; path = RegisterController.swift; sourceTree = "<group>"; };
		522A8A9D266902BA00F7323F /* Person.swift */ = {isa = PBXFileReference; lastKnownFileType = sourcecode.swift; path = Person.swift; sourceTree = "<group>"; };
		5233267D266A74EF00B8EC1D /* TasksTableViewCell.swift */ = {isa = PBXFileReference; fileEncoding = 4; lastKnownFileType = sourcecode.swift; path = TasksTableViewCell.swift; sourceTree = "<group>"; };
		52332680266A750500B8EC1D /* Tasks.swift */ = {isa = PBXFileReference; fileEncoding = 4; lastKnownFileType = sourcecode.swift; path = Tasks.swift; sourceTree = "<group>"; };
		527F4C55266AA7F0009C4A0B /* RootViewController.swift */ = {isa = PBXFileReference; lastKnownFileType = sourcecode.swift; path = RootViewController.swift; sourceTree = "<group>"; };
		527F4C59266AA8B7009C4A0B /* SplashViewController.swift */ = {isa = PBXFileReference; lastKnownFileType = sourcecode.swift; path = SplashViewController.swift; sourceTree = "<group>"; };
		527F4C65266ADE70009C4A0B /* TodayTable.swift */ = {isa = PBXFileReference; lastKnownFileType = sourcecode.swift; path = TodayTable.swift; sourceTree = "<group>"; };
		527F4C68266ADE92009C4A0B /* TomorrowTable.swift */ = {isa = PBXFileReference; lastKnownFileType = sourcecode.swift; path = TomorrowTable.swift; sourceTree = "<group>"; };
		527F4C70266AE0EB009C4A0B /* WeekTable.swift */ = {isa = PBXFileReference; lastKnownFileType = sourcecode.swift; path = WeekTable.swift; sourceTree = "<group>"; };
		528FADD926692C7F000A8621 /* GoogleService-Info.plist */ = {isa = PBXFileReference; fileEncoding = 4; lastKnownFileType = text.plist.xml; path = "GoogleService-Info.plist"; sourceTree = "<group>"; };
		52B64F46266AF3470020223A /* TodayModal.swift */ = {isa = PBXFileReference; lastKnownFileType = sourcecode.swift; path = TodayModal.swift; sourceTree = "<group>"; };
		52BC009E266920D8007C320E /* SceneDelegate.swift */ = {isa = PBXFileReference; fileEncoding = 4; lastKnownFileType = sourcecode.swift; path = SceneDelegate.swift; sourceTree = "<group>"; };
		52BC00A3266923EF007C320E /* MainView.swift */ = {isa = PBXFileReference; lastKnownFileType = sourcecode.swift; path = MainView.swift; sourceTree = "<group>"; };
		52D63F432668E8B2001ED7D0 /* ToDoTapMVC.app */ = {isa = PBXFileReference; explicitFileType = wrapper.application; includeInIndex = 0; path = ToDoTapMVC.app; sourceTree = BUILT_PRODUCTS_DIR; };
		52D63F462668E8B2001ED7D0 /* AppDelegate.swift */ = {isa = PBXFileReference; lastKnownFileType = sourcecode.swift; path = AppDelegate.swift; sourceTree = "<group>"; };
		52D63F4F2668E8B6001ED7D0 /* Assets.xcassets */ = {isa = PBXFileReference; lastKnownFileType = folder.assetcatalog; path = Assets.xcassets; sourceTree = "<group>"; };
		52D63F522668E8B6001ED7D0 /* Base */ = {isa = PBXFileReference; lastKnownFileType = file.storyboard; name = Base; path = Base.lproj/LaunchScreen.storyboard; sourceTree = "<group>"; };
		52D63F542668E8B6001ED7D0 /* Info.plist */ = {isa = PBXFileReference; lastKnownFileType = text.plist.xml; path = Info.plist; sourceTree = "<group>"; };
		52D63F772668EAEE001ED7D0 /* LoginModel.swift */ = {isa = PBXFileReference; lastKnownFileType = sourcecode.swift; path = LoginModel.swift; sourceTree = "<group>"; };
		52D63F7A2668EB64001ED7D0 /* LoginView.swift */ = {isa = PBXFileReference; lastKnownFileType = sourcecode.swift; path = LoginView.swift; sourceTree = "<group>"; };
		52D63F7D2668EE15001ED7D0 /* LoginController.swift */ = {isa = PBXFileReference; lastKnownFileType = sourcecode.swift; path = LoginController.swift; sourceTree = "<group>"; };
		A507F3DF1768511ECE8F91DE /* Pods_ToDoTapMVC.framework */ = {isa = PBXFileReference; explicitFileType = wrapper.framework; includeInIndex = 0; path = Pods_ToDoTapMVC.framework; sourceTree = BUILT_PRODUCTS_DIR; };
		B7468F900B7A14CE6C195614 /* Pods-ToDoTapMVC.debug.xcconfig */ = {isa = PBXFileReference; includeInIndex = 1; lastKnownFileType = text.xcconfig; name = "Pods-ToDoTapMVC.debug.xcconfig"; path = "Target Support Files/Pods-ToDoTapMVC/Pods-ToDoTapMVC.debug.xcconfig"; sourceTree = "<group>"; };
/* End PBXFileReference section */

/* Begin PBXFrameworksBuildPhase section */
		52D63F402668E8B2001ED7D0 /* Frameworks */ = {
			isa = PBXFrameworksBuildPhase;
			buildActionMask = 2147483647;
			files = (
				EFFD8B796B6599510C7A96D9 /* Pods_ToDoTapMVC.framework in Frameworks */,
			);
			runOnlyForDeploymentPostprocessing = 0;
		};
/* End PBXFrameworksBuildPhase section */

/* Begin PBXGroup section */
		4F4B49B08321AD6E6934C090 /* Pods */ = {
			isa = PBXGroup;
			children = (
				B7468F900B7A14CE6C195614 /* Pods-ToDoTapMVC.debug.xcconfig */,
				04605E1ACE28DBB8F7554267 /* Pods-ToDoTapMVC.release.xcconfig */,
			);
			path = Pods;
			sourceTree = "<group>";
		};
		522A8AA0266902BF00F7323F /* Library */ = {
			isa = PBXGroup;
			children = (
				522A8AA1266902C900F7323F /* Model */,
			);
			path = Library;
			sourceTree = "<group>";
		};
		522A8AA1266902C900F7323F /* Model */ = {
			isa = PBXGroup;
			children = (
				522A8A9D266902BA00F7323F /* Person.swift */,
				52332680266A750500B8EC1D /* Tasks.swift */,
			);
			path = Model;
			sourceTree = "<group>";
		};
		527F4C58266AA88F009C4A0B /* Book */ = {
			isa = PBXGroup;
			children = (
				527F4C55266AA7F0009C4A0B /* RootViewController.swift */,
				527F4C59266AA8B7009C4A0B /* SplashViewController.swift */,
			);
			path = Book;
			sourceTree = "<group>";
		};
		527F4C6F266AE0D1009C4A0B /* Table */ = {
			isa = PBXGroup;
			children = (
				5233267D266A74EF00B8EC1D /* TasksTableViewCell.swift */,
				527F4C68266ADE92009C4A0B /* TomorrowTable.swift */,
				527F4C70266AE0EB009C4A0B /* WeekTable.swift */,
			);
			path = Table;
			sourceTree = "<group>";
		};
		52B64F45266AF3290020223A /* Todau */ = {
			isa = PBXGroup;
			children = (
				527F4C65266ADE70009C4A0B /* TodayTable.swift */,
				52B64F46266AF3470020223A /* TodayModal.swift */,
			);
			path = Todau;
			sourceTree = "<group>";
		};
		52BC00A1266923CD007C320E /* MVC */ = {
			isa = PBXGroup;
			children = (
				52B64F45266AF3290020223A /* Todau */,
				527F4C58266AA88F009C4A0B /* Book */,
				52BC00A2266923DC007C320E /* Main */,
				52D63F762668EA43001ED7D0 /* Register */,
				52D63F752668EA36001ED7D0 /* Login */,
				527F4C6F266AE0D1009C4A0B /* Table */,
			);
			path = MVC;
			sourceTree = "<group>";
		};
		52BC00A2266923DC007C320E /* Main */ = {
			isa = PBXGroup;
			children = (
				52BC00A3266923EF007C320E /* MainView.swift */,
			);
			path = Main;
			sourceTree = "<group>";
		};
		52D63F3A2668E8B2001ED7D0 = {
			isa = PBXGroup;
			children = (
				52D63F452668E8B2001ED7D0 /* ToDoTapMVC */,
				52D63F442668E8B2001ED7D0 /* Products */,
				4F4B49B08321AD6E6934C090 /* Pods */,
				588DD9C77584B89D06930152 /* Frameworks */,
			);
			sourceTree = "<group>";
		};
		52D63F442668E8B2001ED7D0 /* Products */ = {
			isa = PBXGroup;
			children = (
				52D63F432668E8B2001ED7D0 /* ToDoTapMVC.app */,
			);
			name = Products;
			sourceTree = "<group>";
		};
		52D63F452668E8B2001ED7D0 /* ToDoTapMVC */ = {
			isa = PBXGroup;
			children = (
				522A8AA0266902BF00F7323F /* Library */,
				52D63F462668E8B2001ED7D0 /* AppDelegate.swift */,
				52BC009E266920D8007C320E /* SceneDelegate.swift */,
				52BC00A1266923CD007C320E /* MVC */,
				52D63F4F2668E8B6001ED7D0 /* Assets.xcassets */,
				52D63F512668E8B6001ED7D0 /* LaunchScreen.storyboard */,
				52D63F542668E8B6001ED7D0 /* Info.plist */,
				528FADD926692C7F000A8621 /* GoogleService-Info.plist */,
			);
			path = ToDoTapMVC;
			sourceTree = "<group>";
		};
		52D63F752668EA36001ED7D0 /* Login */ = {
			isa = PBXGroup;
			children = (
				52D63F772668EAEE001ED7D0 /* LoginModel.swift */,
				52D63F7A2668EB64001ED7D0 /* LoginView.swift */,
				52D63F7D2668EE15001ED7D0 /* LoginController.swift */,
			);
			path = Login;
			sourceTree = "<group>";
		};
		52D63F762668EA43001ED7D0 /* Register */ = {
			isa = PBXGroup;
			children = (
				522A8A8A2668F32000F7323F /* RegisterView.swift */,
				522A8A8D2668F33600F7323F /* RegisterModel.swift */,
				522A8A902668F34500F7323F /* RegisterController.swift */,
			);
			path = Register;
			sourceTree = "<group>";
		};
		588DD9C77584B89D06930152 /* Frameworks */ = {
			isa = PBXGroup;
			children = (
				A507F3DF1768511ECE8F91DE /* Pods_ToDoTapMVC.framework */,
			);
			name = Frameworks;
			sourceTree = "<group>";
		};
/* End PBXGroup section */

/* Begin PBXNativeTarget section */
		52D63F422668E8B2001ED7D0 /* ToDoTapMVC */ = {
			isa = PBXNativeTarget;
			buildConfigurationList = 52D63F572668E8B6001ED7D0 /* Build configuration list for PBXNativeTarget "ToDoTapMVC" */;
			buildPhases = (
				EBBB13FA3DD3D20F85B2F181 /* [CP] Check Pods Manifest.lock */,
				52D63F3F2668E8B2001ED7D0 /* Sources */,
				52D63F402668E8B2001ED7D0 /* Frameworks */,
				52D63F412668E8B2001ED7D0 /* Resources */,
				1E78080B266838CC7920FF69 /* [CP] Embed Pods Frameworks */,
			);
			buildRules = (
			);
			dependencies = (
			);
			name = ToDoTapMVC;
			productName = ToDoTapMVC;
			productReference = 52D63F432668E8B2001ED7D0 /* ToDoTapMVC.app */;
			productType = "com.apple.product-type.application";
		};
/* End PBXNativeTarget section */

/* Begin PBXProject section */
		52D63F3B2668E8B2001ED7D0 /* Project object */ = {
			isa = PBXProject;
			attributes = {
				LastSwiftUpdateCheck = 1240;
				LastUpgradeCheck = 1240;
				TargetAttributes = {
					52D63F422668E8B2001ED7D0 = {
						CreatedOnToolsVersion = 12.4;
					};
				};
			};
			buildConfigurationList = 52D63F3E2668E8B2001ED7D0 /* Build configuration list for PBXProject "ToDoTapMVC" */;
			compatibilityVersion = "Xcode 9.3";
			developmentRegion = en;
			hasScannedForEncodings = 0;
			knownRegions = (
				en,
				Base,
			);
			mainGroup = 52D63F3A2668E8B2001ED7D0;
			productRefGroup = 52D63F442668E8B2001ED7D0 /* Products */;
			projectDirPath = "";
			projectRoot = "";
			targets = (
				52D63F422668E8B2001ED7D0 /* ToDoTapMVC */,
			);
		};
/* End PBXProject section */

/* Begin PBXResourcesBuildPhase section */
		52D63F412668E8B2001ED7D0 /* Resources */ = {
			isa = PBXResourcesBuildPhase;
			buildActionMask = 2147483647;
			files = (
				52D63F532668E8B6001ED7D0 /* LaunchScreen.storyboard in Resources */,
				528FADDA26692C7F000A8621 /* GoogleService-Info.plist in Resources */,
				52D63F502668E8B6001ED7D0 /* Assets.xcassets in Resources */,
			);
			runOnlyForDeploymentPostprocessing = 0;
		};
/* End PBXResourcesBuildPhase section */

/* Begin PBXShellScriptBuildPhase section */
		1E78080B266838CC7920FF69 /* [CP] Embed Pods Frameworks */ = {
			isa = PBXShellScriptBuildPhase;
			buildActionMask = 2147483647;
			files = (
			);
			inputFileListPaths = (
				"${PODS_ROOT}/Target Support Files/Pods-ToDoTapMVC/Pods-ToDoTapMVC-frameworks-${CONFIGURATION}-input-files.xcfilelist",
			);
			name = "[CP] Embed Pods Frameworks";
			outputFileListPaths = (
				"${PODS_ROOT}/Target Support Files/Pods-ToDoTapMVC/Pods-ToDoTapMVC-frameworks-${CONFIGURATION}-output-files.xcfilelist",
			);
			runOnlyForDeploymentPostprocessing = 0;
			shellPath = /bin/sh;
			shellScript = "\"${PODS_ROOT}/Target Support Files/Pods-ToDoTapMVC/Pods-ToDoTapMVC-frameworks.sh\"\n";
			showEnvVarsInLog = 0;
		};
		EBBB13FA3DD3D20F85B2F181 /* [CP] Check Pods Manifest.lock */ = {
			isa = PBXShellScriptBuildPhase;
			buildActionMask = 2147483647;
			files = (
			);
			inputFileListPaths = (
			);
			inputPaths = (
				"${PODS_PODFILE_DIR_PATH}/Podfile.lock",
				"${PODS_ROOT}/Manifest.lock",
			);
			name = "[CP] Check Pods Manifest.lock";
			outputFileListPaths = (
			);
			outputPaths = (
				"$(DERIVED_FILE_DIR)/Pods-ToDoTapMVC-checkManifestLockResult.txt",
			);
			runOnlyForDeploymentPostprocessing = 0;
			shellPath = /bin/sh;
			shellScript = "diff \"${PODS_PODFILE_DIR_PATH}/Podfile.lock\" \"${PODS_ROOT}/Manifest.lock\" > /dev/null\nif [ $? != 0 ] ; then\n    # print error to STDERR\n    echo \"error: The sandbox is not in sync with the Podfile.lock. Run 'pod install' or update your CocoaPods installation.\" >&2\n    exit 1\nfi\n# This output is used by Xcode 'outputs' to avoid re-running this script phase.\necho \"SUCCESS\" > \"${SCRIPT_OUTPUT_FILE_0}\"\n";
			showEnvVarsInLog = 0;
		};
/* End PBXShellScriptBuildPhase section */

/* Begin PBXSourcesBuildPhase section */
		52D63F3F2668E8B2001ED7D0 /* Sources */ = {
			isa = PBXSourcesBuildPhase;
			buildActionMask = 2147483647;
			files = (
				527F4C66266ADE70009C4A0B /* TodayTable.swift in Sources */,
				52D63F7E2668EE15001ED7D0 /* LoginController.swift in Sources */,
				52D63F782668EAEE001ED7D0 /* LoginModel.swift in Sources */,
				52BC009F266920D8007C320E /* SceneDelegate.swift in Sources */,
				52BC00A4266923EF007C320E /* MainView.swift in Sources */,
				52332681266A750500B8EC1D /* Tasks.swift in Sources */,
				522A8A8B2668F32000F7323F /* RegisterView.swift in Sources */,
				522A8A8E2668F33600F7323F /* RegisterModel.swift in Sources */,
				527F4C71266AE0EB009C4A0B /* WeekTable.swift in Sources */,
				52B64F47266AF3470020223A /* TodayModal.swift in Sources */,
				52D63F472668E8B2001ED7D0 /* AppDelegate.swift in Sources */,
				527F4C5A266AA8B7009C4A0B /* SplashViewController.swift in Sources */,
				52D63F7B2668EB64001ED7D0 /* LoginView.swift in Sources */,
				527F4C69266ADE92009C4A0B /* TomorrowTable.swift in Sources */,
				527F4C56266AA7F0009C4A0B /* RootViewController.swift in Sources */,
				522A8A9E266902BA00F7323F /* Person.swift in Sources */,
				522A8A912668F34500F7323F /* RegisterController.swift in Sources */,
				5233267E266A74EF00B8EC1D /* TasksTableViewCell.swift in Sources */,
			);
			runOnlyForDeploymentPostprocessing = 0;
		};
/* End PBXSourcesBuildPhase section */

/* Begin PBXVariantGroup section */
		52D63F512668E8B6001ED7D0 /* LaunchScreen.storyboard */ = {
			isa = PBXVariantGroup;
			children = (
				52D63F522668E8B6001ED7D0 /* Base */,
			);
			name = LaunchScreen.storyboard;
			sourceTree = "<group>";
		};
/* End PBXVariantGroup section */

/* Begin XCBuildConfiguration section */
		52D63F552668E8B6001ED7D0 /* Debug */ = {
			isa = XCBuildConfiguration;
			buildSettings = {
				ALWAYS_SEARCH_USER_PATHS = NO;
				CLANG_ANALYZER_NONNULL = YES;
				CLANG_ANALYZER_NUMBER_OBJECT_CONVERSION = YES_AGGRESSIVE;
				CLANG_CXX_LANGUAGE_STANDARD = "gnu++14";
				CLANG_CXX_LIBRARY = "libc++";
				CLANG_ENABLE_MODULES = YES;
				CLANG_ENABLE_OBJC_ARC = YES;
				CLANG_ENABLE_OBJC_WEAK = YES;
				CLANG_WARN_BLOCK_CAPTURE_AUTORELEASING = YES;
				CLANG_WARN_BOOL_CONVERSION = YES;
				CLANG_WARN_COMMA = YES;
				CLANG_WARN_CONSTANT_CONVERSION = YES;
				CLANG_WARN_DEPRECATED_OBJC_IMPLEMENTATIONS = YES;
				CLANG_WARN_DIRECT_OBJC_ISA_USAGE = YES_ERROR;
				CLANG_WARN_DOCUMENTATION_COMMENTS = YES;
				CLANG_WARN_EMPTY_BODY = YES;
				CLANG_WARN_ENUM_CONVERSION = YES;
				CLANG_WARN_INFINITE_RECURSION = YES;
				CLANG_WARN_INT_CONVERSION = YES;
				CLANG_WARN_NON_LITERAL_NULL_CONVERSION = YES;
				CLANG_WARN_OBJC_IMPLICIT_RETAIN_SELF = YES;
				CLANG_WARN_OBJC_LITERAL_CONVERSION = YES;
				CLANG_WARN_OBJC_ROOT_CLASS = YES_ERROR;
				CLANG_WARN_QUOTED_INCLUDE_IN_FRAMEWORK_HEADER = YES;
				CLANG_WARN_RANGE_LOOP_ANALYSIS = YES;
				CLANG_WARN_STRICT_PROTOTYPES = YES;
				CLANG_WARN_SUSPICIOUS_MOVE = YES;
				CLANG_WARN_UNGUARDED_AVAILABILITY = YES_AGGRESSIVE;
				CLANG_WARN_UNREACHABLE_CODE = YES;
				CLANG_WARN__DUPLICATE_METHOD_MATCH = YES;
				COPY_PHASE_STRIP = NO;
				DEBUG_INFORMATION_FORMAT = dwarf;
				ENABLE_STRICT_OBJC_MSGSEND = YES;
				ENABLE_TESTABILITY = YES;
				GCC_C_LANGUAGE_STANDARD = gnu11;
				GCC_DYNAMIC_NO_PIC = NO;
				GCC_NO_COMMON_BLOCKS = YES;
				GCC_OPTIMIZATION_LEVEL = 0;
				GCC_PREPROCESSOR_DEFINITIONS = (
					"DEBUG=1",
					"$(inherited)",
				);
				GCC_WARN_64_TO_32_BIT_CONVERSION = YES;
				GCC_WARN_ABOUT_RETURN_TYPE = YES_ERROR;
				GCC_WARN_UNDECLARED_SELECTOR = YES;
				GCC_WARN_UNINITIALIZED_AUTOS = YES_AGGRESSIVE;
				GCC_WARN_UNUSED_FUNCTION = YES;
				GCC_WARN_UNUSED_VARIABLE = YES;
				IPHONEOS_DEPLOYMENT_TARGET = 14.4;
				MTL_ENABLE_DEBUG_INFO = INCLUDE_SOURCE;
				MTL_FAST_MATH = YES;
				ONLY_ACTIVE_ARCH = YES;
				SDKROOT = iphoneos;
				SWIFT_ACTIVE_COMPILATION_CONDITIONS = DEBUG;
				SWIFT_OPTIMIZATION_LEVEL = "-Onone";
			};
			name = Debug;
		};
		52D63F562668E8B6001ED7D0 /* Release */ = {
			isa = XCBuildConfiguration;
			buildSettings = {
				ALWAYS_SEARCH_USER_PATHS = NO;
				CLANG_ANALYZER_NONNULL = YES;
				CLANG_ANALYZER_NUMBER_OBJECT_CONVERSION = YES_AGGRESSIVE;
				CLANG_CXX_LANGUAGE_STANDARD = "gnu++14";
				CLANG_CXX_LIBRARY = "libc++";
				CLANG_ENABLE_MODULES = YES;
				CLANG_ENABLE_OBJC_ARC = YES;
				CLANG_ENABLE_OBJC_WEAK = YES;
				CLANG_WARN_BLOCK_CAPTURE_AUTORELEASING = YES;
				CLANG_WARN_BOOL_CONVERSION = YES;
				CLANG_WARN_COMMA = YES;
				CLANG_WARN_CONSTANT_CONVERSION = YES;
				CLANG_WARN_DEPRECATED_OBJC_IMPLEMENTATIONS = YES;
				CLANG_WARN_DIRECT_OBJC_ISA_USAGE = YES_ERROR;
				CLANG_WARN_DOCUMENTATION_COMMENTS = YES;
				CLANG_WARN_EMPTY_BODY = YES;
				CLANG_WARN_ENUM_CONVERSION = YES;
				CLANG_WARN_INFINITE_RECURSION = YES;
				CLANG_WARN_INT_CONVERSION = YES;
				CLANG_WARN_NON_LITERAL_NULL_CONVERSION = YES;
				CLANG_WARN_OBJC_IMPLICIT_RETAIN_SELF = YES;
				CLANG_WARN_OBJC_LITERAL_CONVERSION = YES;
				CLANG_WARN_OBJC_ROOT_CLASS = YES_ERROR;
				CLANG_WARN_QUOTED_INCLUDE_IN_FRAMEWORK_HEADER = YES;
				CLANG_WARN_RANGE_LOOP_ANALYSIS = YES;
				CLANG_WARN_STRICT_PROTOTYPES = YES;
				CLANG_WARN_SUSPICIOUS_MOVE = YES;
				CLANG_WARN_UNGUARDED_AVAILABILITY = YES_AGGRESSIVE;
				CLANG_WARN_UNREACHABLE_CODE = YES;
				CLANG_WARN__DUPLICATE_METHOD_MATCH = YES;
				COPY_PHASE_STRIP = NO;
				DEBUG_INFORMATION_FORMAT = "dwarf-with-dsym";
				ENABLE_NS_ASSERTIONS = NO;
				ENABLE_STRICT_OBJC_MSGSEND = YES;
				GCC_C_LANGUAGE_STANDARD = gnu11;
				GCC_NO_COMMON_BLOCKS = YES;
				GCC_WARN_64_TO_32_BIT_CONVERSION = YES;
				GCC_WARN_ABOUT_RETURN_TYPE = YES_ERROR;
				GCC_WARN_UNDECLARED_SELECTOR = YES;
				GCC_WARN_UNINITIALIZED_AUTOS = YES_AGGRESSIVE;
				GCC_WARN_UNUSED_FUNCTION = YES;
				GCC_WARN_UNUSED_VARIABLE = YES;
				IPHONEOS_DEPLOYMENT_TARGET = 14.4;
				MTL_ENABLE_DEBUG_INFO = NO;
				MTL_FAST_MATH = YES;
				SDKROOT = iphoneos;
				SWIFT_COMPILATION_MODE = wholemodule;
				SWIFT_OPTIMIZATION_LEVEL = "-O";
				VALIDATE_PRODUCT = YES;
			};
			name = Release;
		};
		52D63F582668E8B6001ED7D0 /* Debug */ = {
			isa = XCBuildConfiguration;
			baseConfigurationReference = B7468F900B7A14CE6C195614 /* Pods-ToDoTapMVC.debug.xcconfig */;
			buildSettings = {
				ASSETCATALOG_COMPILER_APPICON_NAME = AppIcon;
				ASSETCATALOG_COMPILER_GLOBAL_ACCENT_COLOR_NAME = AccentColor;
				CODE_SIGN_STYLE = Automatic;
				DEVELOPMENT_TEAM = G8F8X83QKT;
				INFOPLIST_FILE = ToDoTapMVC/Info.plist;
				LD_RUNPATH_SEARCH_PATHS = (
					"$(inherited)",
					"@executable_path/Frameworks",
				);
				PRODUCT_BUNDLE_IDENTIFIER = com.myProdject.ToDoTapMVC;
				PRODUCT_NAME = "$(TARGET_NAME)";
				SWIFT_VERSION = 5.0;
				TARGETED_DEVICE_FAMILY = 1;
			};
			name = Debug;
		};
		52D63F592668E8B6001ED7D0 /* Release */ = {
			isa = XCBuildConfiguration;
			baseConfigurationReference = 04605E1ACE28DBB8F7554267 /* Pods-ToDoTapMVC.release.xcconfig */;
			buildSettings = {
				ASSETCATALOG_COMPILER_APPICON_NAME = AppIcon;
				ASSETCATALOG_COMPILER_GLOBAL_ACCENT_COLOR_NAME = AccentColor;
				CODE_SIGN_STYLE = Automatic;
				DEVELOPMENT_TEAM = G8F8X83QKT;
				INFOPLIST_FILE = ToDoTapMVC/Info.plist;
				LD_RUNPATH_SEARCH_PATHS = (
					"$(inherited)",
					"@executable_path/Frameworks",
				);
				PRODUCT_BUNDLE_IDENTIFIER = com.myProdject.ToDoTapMVC;
				PRODUCT_NAME = "$(TARGET_NAME)";
				SWIFT_VERSION = 5.0;
				TARGETED_DEVICE_FAMILY = 1;
			};
			name = Release;
		};
/* End XCBuildConfiguration section */

/* Begin XCConfigurationList section */
		52D63F3E2668E8B2001ED7D0 /* Build configuration list for PBXProject "ToDoTapMVC" */ = {
			isa = XCConfigurationList;
			buildConfigurations = (
				52D63F552668E8B6001ED7D0 /* Debug */,
				52D63F562668E8B6001ED7D0 /* Release */,
			);
			defaultConfigurationIsVisible = 0;
			defaultConfigurationName = Release;
		};
		52D63F572668E8B6001ED7D0 /* Build configuration list for PBXNativeTarget "ToDoTapMVC" */ = {
			isa = XCConfigurationList;
			buildConfigurations = (
				52D63F582668E8B6001ED7D0 /* Debug */,
				52D63F592668E8B6001ED7D0 /* Release */,
			);
			defaultConfigurationIsVisible = 0;
			defaultConfigurationName = Release;
		};
/* End XCConfigurationList section */
	};
	rootObject = 52D63F3B2668E8B2001ED7D0 /* Project object */;
}
